
Microsoft Visual Studio Solution File, Format Version 12.00
# Visual Studio Version 17
VisualStudioVersion = 17.14.36212.18
MinimumVisualStudioVersion = 10.0.40219.1
Project("{FAE04EC0-301F-11D3-BF4B-00C04F79EFBC}") = "Backend", "Backend.csproj", "{D3DCC3D0-1FBA-4C65-97D6-89339999EF42}"
EndProject
Global
	GlobalSection(SolutionConfigurationPlatforms) = preSolution
		Debug|Any CPU = Debug|Any CPU
		Release|Any CPU = Release|Any CPU
	EndGlobalSection
	GlobalSection(ProjectConfigurationPlatforms) = postSolution
		{D3DCC3D0-1FBA-4C65-97D6-89339999EF42}.Debug|Any CPU.ActiveCfg = Debug|Any CPU
		{D3DCC3D0-1FBA-4C65-97D6-89339999EF42}.Debug|Any CPU.Build.0 = Debug|Any CPU
		{D3DCC3D0-1FBA-4C65-97D6-89339999EF42}.Release|Any CPU.ActiveCfg = Release|Any CPU
		{D3DCC3D0-1FBA-4C65-97D6-89339999EF42}.Release|Any CPU.Build.0 = Release|Any CPU
	EndGlobalSection
	GlobalSection(SolutionProperties) = preSolution
		HideSolutionNode = FALSE
	EndGlobalSection
	GlobalSection(ExtensibilityGlobals) = postSolution
		SolutionGuid = {9782D232-20B2-4422-A926-B94E2BAD22B6}
	EndGlobalSection
EndGlobal
